
Microsoft Visual Studio Solution File, Format Version 12.00
# Visual Studio Version 17
VisualStudioVersion = 17.7.34009.444
MinimumVisualStudioVersion = 10.0.40219.1
Project("{FAE04EC0-301F-11D3-BF4B-00C04F79EFBC}") = "BulkyBookWeb", "BulkyBookWeb\BulkyBookWeb.csproj", "{0FFA416E-0131-42EB-8FF8-90F813376636}"
EndProject
Global
	GlobalSection(SolutionConfigurationPlatforms) = preSolution
		Debug|Any CPU = Debug|Any CPU
		Release|Any CPU = Release|Any CPU
	EndGlobalSection
	GlobalSection(ProjectConfigurationPlatforms) = postSolution
		{0FFA416E-0131-42EB-8FF8-90F813376636}.Debug|Any CPU.ActiveCfg = Debug|Any CPU
		{0FFA416E-0131-42EB-8FF8-90F813376636}.Debug|Any CPU.Build.0 = Debug|Any CPU
		{0FFA416E-0131-42EB-8FF8-90F813376636}.Release|Any CPU.ActiveCfg = Release|Any CPU
		{0FFA416E-0131-42EB-8FF8-90F813376636}.Release|Any CPU.Build.0 = Release|Any CPU
	EndGlobalSection
	GlobalSection(SolutionProperties) = preSolution
		HideSolutionNode = FALSE
	EndGlobalSection
	GlobalSection(ExtensibilityGlobals) = postSolution
		SolutionGuid = {ED3B1614-4DD0-447B-8BAE-32A38C45E750}
	EndGlobalSection
EndGlobal
